// !$*UTF8*$!
{
	archiveVersion = 1;
	classes = {
	};
	objectVersion = 46;
	objects = {

/* Begin PBXBuildFile section */
		9469D3571A51E616004E28E1 /* AppDelegate.swift in Sources */ = {isa = PBXBuildFile; fileRef = 9469D3561A51E616004E28E1 /* AppDelegate.swift */; };
		9469D35A1A51E616004E28E1 /* _9RedBalloons.xcdatamodeld in Sources */ = {isa = PBXBuildFile; fileRef = 9469D3581A51E616004E28E1 /* _9RedBalloons.xcdatamodeld */; };
		9469D35C1A51E616004E28E1 /* ViewController.swift in Sources */ = {isa = PBXBuildFile; fileRef = 9469D35B1A51E616004E28E1 /* ViewController.swift */; };
		9469D35F1A51E616004E28E1 /* Main.storyboard in Resources */ = {isa = PBXBuildFile; fileRef = 9469D35D1A51E616004E28E1 /* Main.storyboard */; };
		9469D3611A51E616004E28E1 /* Images.xcassets in Resources */ = {isa = PBXBuildFile; fileRef = 9469D3601A51E616004E28E1 /* Images.xcassets */; };
		9469D3641A51E616004E28E1 /* LaunchScreen.xib in Resources */ = {isa = PBXBuildFile; fileRef = 9469D3621A51E616004E28E1 /* LaunchScreen.xib */; };
		9469D3701A51E617004E28E1 /* _9RedBalloonsTests.swift in Sources */ = {isa = PBXBuildFile; fileRef = 9469D36F1A51E617004E28E1 /* _9RedBalloonsTests.swift */; };
		9469D37A1A51E792004E28E1 /* Balloon.swift in Sources */ = {isa = PBXBuildFile; fileRef = 9469D3791A51E792004E28E1 /* Balloon.swift */; };
		9469D3801A51E98C004E28E1 /* BerlinTVTower.jpg in Resources */ = {isa = PBXBuildFile; fileRef = 9469D37B1A51E98C004E28E1 /* BerlinTVTower.jpg */; };
		9469D3811A51E98C004E28E1 /* RedBalloon1.jpg in Resources */ = {isa = PBXBuildFile; fileRef = 9469D37C1A51E98C004E28E1 /* RedBalloon1.jpg */; };
		9469D3821A51E98C004E28E1 /* RedBalloon2.jpg in Resources */ = {isa = PBXBuildFile; fileRef = 9469D37D1A51E98C004E28E1 /* RedBalloon2.jpg */; };
		9469D3831A51E98C004E28E1 /* RedBalloon3.jpg in Resources */ = {isa = PBXBuildFile; fileRef = 9469D37E1A51E98C004E28E1 /* RedBalloon3.jpg */; };
		9469D3841A51E98C004E28E1 /* RedBalloon4.jpg in Resources */ = {isa = PBXBuildFile; fileRef = 9469D37F1A51E98C004E28E1 /* RedBalloon4.jpg */; };
/* End PBXBuildFile section */

/* Begin PBXContainerItemProxy section */
		9469D36A1A51E616004E28E1 /* PBXContainerItemProxy */ = {
			isa = PBXContainerItemProxy;
			containerPortal = 9469D3491A51E616004E28E1 /* Project object */;
			proxyType = 1;
			remoteGlobalIDString = 9469D3501A51E616004E28E1;
			remoteInfo = 99RedBalloons;
		};
/* End PBXContainerItemProxy section */

/* Begin PBXFileReference section */
		9469D3511A51E616004E28E1 /* 99RedBalloons.app */ = {isa = PBXFileReference; explicitFileType = wrapper.application; includeInIndex = 0; path = 99RedBalloons.app; sourceTree = BUILT_PRODUCTS_DIR; };
		9469D3551A51E616004E28E1 /* Info.plist */ = {isa = PBXFileReference; lastKnownFileType = text.plist.xml; path = Info.plist; sourceTree = "<group>"; };
		9469D3561A51E616004E28E1 /* AppDelegate.swift */ = {isa = PBXFileReference; lastKnownFileType = sourcecode.swift; path = AppDelegate.swift; sourceTree = "<group>"; };
		9469D3591A51E616004E28E1 /* _9RedBalloons.xcdatamodel */ = {isa = PBXFileReference; lastKnownFileType = wrapper.xcdatamodel; path = _9RedBalloons.xcdatamodel; sourceTree = "<group>"; };
		9469D35B1A51E616004E28E1 /* ViewController.swift */ = {isa = PBXFileReference; lastKnownFileType = sourcecode.swift; path = ViewController.swift; sourceTree = "<group>"; };
		9469D35E1A51E616004E28E1 /* Base */ = {isa = PBXFileReference; lastKnownFileType = file.storyboard; name = Base; path = Base.lproj/Main.storyboard; sourceTree = "<group>"; };
		9469D3601A51E616004E28E1 /* Images.xcassets */ = {isa = PBXFileReference; lastKnownFileType = folder.assetcatalog; path = Images.xcassets; sourceTree = "<group>"; };
		9469D3631A51E616004E28E1 /* Base */ = {isa = PBXFileReference; lastKnownFileType = file.xib; name = Base; path = Base.lproj/LaunchScreen.xib; sourceTree = "<group>"; };
		9469D3691A51E616004E28E1 /* 99RedBalloonsTests.xctest */ = {isa = PBXFileReference; explicitFileType = wrapper.cfbundle; includeInIndex = 0; path = 99RedBalloonsTests.xctest; sourceTree = BUILT_PRODUCTS_DIR; };
		9469D36E1A51E616004E28E1 /* Info.plist */ = {isa = PBXFileReference; lastKnownFileType = text.plist.xml; path = Info.plist; sourceTree = "<group>"; };
		9469D36F1A51E617004E28E1 /* _9RedBalloonsTests.swift */ = {isa = PBXFileReference; lastKnownFileType = sourcecode.swift; path = _9RedBalloonsTests.swift; sourceTree = "<group>"; };
		9469D3791A51E792004E28E1 /* Balloon.swift */ = {isa = PBXFileReference; fileEncoding = 4; lastKnownFileType = sourcecode.swift; path = Balloon.swift; sourceTree = "<group>"; };
		9469D37B1A51E98C004E28E1 /* BerlinTVTower.jpg */ = {isa = PBXFileReference; lastKnownFileType = image.jpeg; path = BerlinTVTower.jpg; sourceTree = "<group>"; };
		9469D37C1A51E98C004E28E1 /* RedBalloon1.jpg */ = {isa = PBXFileReference; lastKnownFileType = image.jpeg; path = RedBalloon1.jpg; sourceTree = "<group>"; };
		9469D37D1A51E98C004E28E1 /* RedBalloon2.jpg */ = {isa = PBXFileReference; lastKnownFileType = image.jpeg; path = RedBalloon2.jpg; sourceTree = "<group>"; };
		9469D37E1A51E98C004E28E1 /* RedBalloon3.jpg */ = {isa = PBXFileReference; lastKnownFileType = image.jpeg; path = RedBalloon3.jpg; sourceTree = "<group>"; };
		9469D37F1A51E98C004E28E1 /* RedBalloon4.jpg */ = {isa = PBXFileReference; lastKnownFileType = image.jpeg; path = RedBalloon4.jpg; sourceTree = "<group>"; };
/* End PBXFileReference section */

/* Begin PBXFrameworksBuildPhase section */
		9469D34E1A51E616004E28E1 /* Frameworks */ = {
			isa = PBXFrameworksBuildPhase;
			buildActionMask = 2147483647;
			files = (
			);
			runOnlyForDeploymentPostprocessing = 0;
		};
		9469D3661A51E616004E28E1 /* Frameworks */ = {
			isa = PBXFrameworksBuildPhase;
			buildActionMask = 2147483647;
			files = (
			);
			runOnlyForDeploymentPostprocessing = 0;
		};
/* End PBXFrameworksBuildPhase section */

/* Begin PBXGroup section */
		9469D3481A51E616004E28E1 = {
			isa = PBXGroup;
			children = (
				9469D3531A51E616004E28E1 /* 99RedBalloons */,
				9469D36C1A51E616004E28E1 /* 99RedBalloonsTests */,
				9469D3521A51E616004E28E1 /* Products */,
			);
			sourceTree = "<group>";
		};
		9469D3521A51E616004E28E1 /* Products */ = {
			isa = PBXGroup;
			children = (
				9469D3511A51E616004E28E1 /* 99RedBalloons.app */,
				9469D3691A51E616004E28E1 /* 99RedBalloonsTests.xctest */,
			);
			name = Products;
			sourceTree = "<group>";
		};
		9469D3531A51E616004E28E1 /* 99RedBalloons */ = {
			isa = PBXGroup;
			children = (
				9469D3561A51E616004E28E1 /* AppDelegate.swift */,
				9469D35B1A51E616004E28E1 /* ViewController.swift */,
				9469D3791A51E792004E28E1 /* Balloon.swift */,
				9469D35D1A51E616004E28E1 /* Main.storyboard */,
				9469D3601A51E616004E28E1 /* Images.xcassets */,
				9469D3621A51E616004E28E1 /* LaunchScreen.xib */,
				9469D3581A51E616004E28E1 /* _9RedBalloons.xcdatamodeld */,
				9469D3541A51E616004E28E1 /* Supporting Files */,
			);
			path = 99RedBalloons;
			sourceTree = "<group>";
		};
		9469D3541A51E616004E28E1 /* Supporting Files */ = {
			isa = PBXGroup;
			children = (
				9469D37B1A51E98C004E28E1 /* BerlinTVTower.jpg */,
				9469D37C1A51E98C004E28E1 /* RedBalloon1.jpg */,
				9469D37D1A51E98C004E28E1 /* RedBalloon2.jpg */,
				9469D37E1A51E98C004E28E1 /* RedBalloon3.jpg */,
				9469D37F1A51E98C004E28E1 /* RedBalloon4.jpg */,
				9469D3551A51E616004E28E1 /* Info.plist */,
			);
			name = "Supporting Files";
			sourceTree = "<group>";
		};
		9469D36C1A51E616004E28E1 /* 99RedBalloonsTests */ = {
			isa = PBXGroup;
			children = (
				9469D36F1A51E617004E28E1 /* _9RedBalloonsTests.swift */,
				9469D36D1A51E616004E28E1 /* Supporting Files */,
			);
			path = 99RedBalloonsTests;
			sourceTree = "<group>";
		};
		9469D36D1A51E616004E28E1 /* Supporting Files */ = {
			isa = PBXGroup;
			children = (
				9469D36E1A51E616004E28E1 /* Info.plist */,
			);
			name = "Supporting Files";
			sourceTree = "<group>";
		};
/* End PBXGroup section */

/* Begin PBXNativeTarget section */
		9469D3501A51E616004E28E1 /* 99RedBalloons */ = {
			isa = PBXNativeTarget;
			buildConfigurationList = 9469D3731A51E617004E28E1 /* Build configuration list for PBXNativeTarget "99RedBalloons" */;
			buildPhases = (
				9469D34D1A51E616004E28E1 /* Sources */,
				9469D34E1A51E616004E28E1 /* Frameworks */,
				9469D34F1A51E616004E28E1 /* Resources */,
			);
			buildRules = (
			);
			dependencies = (
			);
			name = 99RedBalloons;
			productName = 99RedBalloons;
			productReference = 9469D3511A51E616004E28E1 /* 99RedBalloons.app */;
			productType = "com.apple.product-type.application";
		};
		9469D3681A51E616004E28E1 /* 99RedBalloonsTests */ = {
			isa = PBXNativeTarget;
			buildConfigurationList = 9469D3761A51E617004E28E1 /* Build configuration list for PBXNativeTarget "99RedBalloonsTests" */;
			buildPhases = (
				9469D3651A51E616004E28E1 /* Sources */,
				9469D3661A51E616004E28E1 /* Frameworks */,
				9469D3671A51E616004E28E1 /* Resources */,
			);
			buildRules = (
			);
			dependencies = (
				9469D36B1A51E616004E28E1 /* PBXTargetDependency */,
			);
			name = 99RedBalloonsTests;
			productName = 99RedBalloonsTests;
			productReference = 9469D3691A51E616004E28E1 /* 99RedBalloonsTests.xctest */;
			productType = "com.apple.product-type.bundle.unit-test";
		};
/* End PBXNativeTarget section */

/* Begin PBXProject section */
		9469D3491A51E616004E28E1 /* Project object */ = {
			isa = PBXProject;
			attributes = {
				LastUpgradeCheck = 0610;
				ORGANIZATIONNAME = "Ryan Liu";
				TargetAttributes = {
					9469D3501A51E616004E28E1 = {
						CreatedOnToolsVersion = 6.1.1;
					};
					9469D3681A51E616004E28E1 = {
						CreatedOnToolsVersion = 6.1.1;
						TestTargetID = 9469D3501A51E616004E28E1;
					};
				};
			};
			buildConfigurationList = 9469D34C1A51E616004E28E1 /* Build configuration list for PBXProject "99RedBalloons" */;
			compatibilityVersion = "Xcode 3.2";
			developmentRegion = English;
			hasScannedForEncodings = 0;
			knownRegions = (
				en,
				Base,
			);
			mainGroup = 9469D3481A51E616004E28E1;
			productRefGroup = 9469D3521A51E616004E28E1 /* Products */;
			projectDirPath = "";
			projectRoot = "";
			targets = (
				9469D3501A51E616004E28E1 /* 99RedBalloons */,
				9469D3681A51E616004E28E1 /* 99RedBalloonsTests */,
			);
		};
/* End PBXProject section */

/* Begin PBXResourcesBuildPhase section */
		9469D34F1A51E616004E28E1 /* Resources */ = {
			isa = PBXResourcesBuildPhase;
			buildActionMask = 2147483647;
			files = (
				9469D3821A51E98C004E28E1 /* RedBalloon2.jpg in Resources */,
				9469D35F1A51E616004E28E1 /* Main.storyboard in Resources */,
				9469D3831A51E98C004E28E1 /* RedBalloon3.jpg in Resources */,
				9469D3641A51E616004E28E1 /* LaunchScreen.xib in Resources */,
				9469D3841A51E98C004E28E1 /* RedBalloon4.jpg in Resources */,
				9469D3611A51E616004E28E1 /* Images.xcassets in Resources */,
				9469D3811A51E98C004E28E1 /* RedBalloon1.jpg in Resources */,
				9469D3801A51E98C004E28E1 /* BerlinTVTower.jpg in Resources */,
			);
			runOnlyForDeploymentPostprocessing = 0;
		};
		9469D3671A51E616004E28E1 /* Resources */ = {
			isa = PBXResourcesBuildPhase;
			buildActionMask = 2147483647;
			files = (
			);
			runOnlyForDeploymentPostprocessing = 0;
		};
/* End PBXResourcesBuildPhase section */

/* Begin PBXSourcesBuildPhase section */
		9469D34D1A51E616004E28E1 /* Sources */ = {
			isa = PBXSourcesBuildPhase;
			buildActionMask = 2147483647;
			files = (
				9469D35C1A51E616004E28E1 /* ViewController.swift in Sources */,
				9469D3571A51E616004E28E1 /* AppDelegate.swift in Sources */,
				9469D35A1A51E616004E28E1 /* _9RedBalloons.xcdatamodeld in Sources */,
				9469D37A1A51E792004E28E1 /* Balloon.swift in Sources */,
			);
			runOnlyForDeploymentPostprocessing = 0;
		};
		9469D3651A51E616004E28E1 /* Sources */ = {
			isa = PBXSourcesBuildPhase;
			buildActionMask = 2147483647;
			files = (
				9469D3701A51E617004E28E1 /* _9RedBalloonsTests.swift in Sources */,
			);
			runOnlyForDeploymentPostprocessing = 0;
		};
/* End PBXSourcesBuildPhase section */

/* Begin PBXTargetDependency section */
		9469D36B1A51E616004E28E1 /* PBXTargetDependency */ = {
			isa = PBXTargetDependency;
			target = 9469D3501A51E616004E28E1 /* 99RedBalloons */;
			targetProxy = 9469D36A1A51E616004E28E1 /* PBXContainerItemProxy */;
		};
/* End PBXTargetDependency section */

/* Begin PBXVariantGroup section */
		9469D35D1A51E616004E28E1 /* Main.storyboard */ = {
			isa = PBXVariantGroup;
			children = (
				9469D35E1A51E616004E28E1 /* Base */,
			);
			name = Main.storyboard;
			sourceTree = "<group>";
		};
		9469D3621A51E616004E28E1 /* LaunchScreen.xib */ = {
			isa = PBXVariantGroup;
			children = (
				9469D3631A51E616004E28E1 /* Base */,
			);
			name = LaunchScreen.xib;
			sourceTree = "<group>";
		};
/* End PBXVariantGroup section */

/* Begin XCBuildConfiguration section */
		9469D3711A51E617004E28E1 /* Debug */ = {
			isa = XCBuildConfiguration;
			buildSettings = {
				ALWAYS_SEARCH_USER_PATHS = NO;
				CLANG_CXX_LANGUAGE_STANDARD = "gnu++0x";
				CLANG_CXX_LIBRARY = "libc++";
				CLANG_ENABLE_MODULES = YES;
				CLANG_ENABLE_OBJC_ARC = YES;
				CLANG_WARN_BOOL_CONVERSION = YES;
				CLANG_WARN_CONSTANT_CONVERSION = YES;
				CLANG_WARN_DIRECT_OBJC_ISA_USAGE = YES_ERROR;
				CLANG_WARN_EMPTY_BODY = YES;
				CLANG_WARN_ENUM_CONVERSION = YES;
				CLANG_WARN_INT_CONVERSION = YES;
				CLANG_WARN_OBJC_ROOT_CLASS = YES_ERROR;
				CLANG_WARN_UNREACHABLE_CODE = YES;
				CLANG_WARN__DUPLICATE_METHOD_MATCH = YES;
				"CODE_SIGN_IDENTITY[sdk=iphoneos*]" = "iPhone Developer";
				COPY_PHASE_STRIP = NO;
				ENABLE_STRICT_OBJC_MSGSEND = YES;
				GCC_C_LANGUAGE_STANDARD = gnu99;
				GCC_DYNAMIC_NO_PIC = NO;
				GCC_OPTIMIZATION_LEVEL = 0;
				GCC_PREPROCESSOR_DEFINITIONS = (
					"DEBUG=1",
					"$(inherited)",
				);
				GCC_SYMBOLS_PRIVATE_EXTERN = NO;
				GCC_WARN_64_TO_32_BIT_CONVERSION = YES;
				GCC_WARN_ABOUT_RETURN_TYPE = YES_ERROR;
				GCC_WARN_UNDECLARED_SELECTOR = YES;
				GCC_WARN_UNINITIALIZED_AUTOS = YES_AGGRESSIVE;
				GCC_WARN_UNUSED_FUNCTION = YES;
				GCC_WARN_UNUSED_VARIABLE = YES;
				IPHONEOS_DEPLOYMENT_TARGET = 8.1;
				MTL_ENABLE_DEBUG_INFO = YES;
				ONLY_ACTIVE_ARCH = YES;
				SDKROOT = iphoneos;
				SWIFT_OPTIMIZATION_LEVEL = "-Onone";
				TARGETED_DEVICE_FAMILY = "1,2";
			};
			name = Debug;
		};
		9469D3721A51E617004E28E1 /* Release */ = {
			isa = XCBuildConfiguration;
			buildSettings = {
				ALWAYS_SEARCH_USER_PATHS = NO;
				CLANG_CXX_LANGUAGE_STANDARD = "gnu++0x";
				CLANG_CXX_LIBRARY = "libc++";
				CLANG_ENABLE_MODULES = YES;
				CLANG_ENABLE_OBJC_ARC = YES;
				CLANG_WARN_BOOL_CONVERSION = YES;
				CLANG_WARN_CONSTANT_CONVERSION = YES;
				CLANG_WARN_DIRECT_OBJC_ISA_USAGE = YES_ERROR;
				CLANG_WARN_EMPTY_BODY = YES;
				CLANG_WARN_ENUM_CONVERSION = YES;
				CLANG_WARN_INT_CONVERSION = YES;
				CLANG_WARN_OBJC_ROOT_CLASS = YES_ERROR;
				CLANG_WARN_UNREACHABLE_CODE = YES;
				CLANG_WARN__DUPLICATE_METHOD_MATCH = YES;
				"CODE_SIGN_IDENTITY[sdk=iphoneos*]" = "iPhone Developer";
				COPY_PHASE_STRIP = YES;
				ENABLE_NS_ASSERTIONS = NO;
				ENABLE_STRICT_OBJC_MSGSEND = YES;
				GCC_C_LANGUAGE_STANDARD = gnu99;
				GCC_WARN_64_TO_32_BIT_CONVERSION = YES;
				GCC_WARN_ABOUT_RETURN_TYPE = YES_ERROR;
				GCC_WARN_UNDECLARED_SELECTOR = YES;
				GCC_WARN_UNINITIALIZED_AUTOS = YES_AGGRESSIVE;
				GCC_WARN_UNUSED_FUNCTION = YES;
				GCC_WARN_UNUSED_VARIABLE = YES;
				IPHONEOS_DEPLOYMENT_TARGET = 8.1;
				MTL_ENABLE_DEBUG_INFO = NO;
				SDKROOT = iphoneos;
				TARGETED_DEVICE_FAMILY = "1,2";
				VALIDATE_PRODUCT = YES;
			};
			name = Release;
		};
		9469D3741A51E617004E28E1 /* Debug */ = {
			isa = XCBuildConfiguration;
			buildSettings = {
				ASSETCATALOG_COMPILER_APPICON_NAME = AppIcon;
				INFOPLIST_FILE = 99RedBalloons/Info.plist;
				LD_RUNPATH_SEARCH_PATHS = "$(inherited) @executable_path/Frameworks";
				PRODUCT_NAME = "$(TARGET_NAME)";
			};
			name = Debug;
		};
		9469D3751A51E617004E28E1 /* Release */ = {
			isa = XCBuildConfiguration;
			buildSettings = {
				ASSETCATALOG_COMPILER_APPICON_NAME = AppIcon;
				INFOPLIST_FILE = 99RedBalloons/Info.plist;
				LD_RUNPATH_SEARCH_PATHS = "$(inherited) @executable_path/Frameworks";
				PRODUCT_NAME = "$(TARGET_NAME)";
			};
			name = Release;
		};
		9469D3771A51E617004E28E1 /* Debug */ = {
			isa = XCBuildConfiguration;
			buildSettings = {
				BUNDLE_LOADER = "$(TEST_HOST)";
				FRAMEWORK_SEARCH_PATHS = (
					"$(SDKROOT)/Developer/Library/Frameworks",
					"$(inherited)",
				);
				GCC_PREPROCESSOR_DEFINITIONS = (
					"DEBUG=1",
					"$(inherited)",
				);
				INFOPLIST_FILE = 99RedBalloonsTests/Info.plist;
				LD_RUNPATH_SEARCH_PATHS = "$(inherited) @executable_path/Frameworks @loader_path/Frameworks";
				PRODUCT_NAME = "$(TARGET_NAME)";
				TEST_HOST = "$(BUILT_PRODUCTS_DIR)/99RedBalloons.app/99RedBalloons";
			};
			name = Debug;
		};
		9469D3781A51E617004E28E1 /* Release */ = {
			isa = XCBuildConfiguration;
			buildSettings = {
				BUNDLE_LOADER = "$(TEST_HOST)";
				FRAMEWORK_SEARCH_PATHS = (
					"$(SDKROOT)/Developer/Library/Frameworks",
					"$(inherited)",
				);
				INFOPLIST_FILE = 99RedBalloonsTests/Info.plist;
				LD_RUNPATH_SEARCH_PATHS = "$(inherited) @executable_path/Frameworks @loader_path/Frameworks";
				PRODUCT_NAME = "$(TARGET_NAME)";
				TEST_HOST = "$(BUILT_PRODUCTS_DIR)/99RedBalloons.app/99RedBalloons";
			};
			name = Release;
		};
/* End XCBuildConfiguration section */

/* Begin XCConfigurationList section */
		9469D34C1A51E616004E28E1 /* Build configuration list for PBXProject "99RedBalloons" */ = {
			isa = XCConfigurationList;
			buildConfigurations = (
				9469D3711A51E617004E28E1 /* Debug */,
				9469D3721A51E617004E28E1 /* Release */,
			);
			defaultConfigurationIsVisible = 0;
			defaultConfigurationName = Release;
		};
		9469D3731A51E617004E28E1 /* Build configuration list for PBXNativeTarget "99RedBalloons" */ = {
			isa = XCConfigurationList;
			buildConfigurations = (
				9469D3741A51E617004E28E1 /* Debug */,
				9469D3751A51E617004E28E1 /* Release */,
			);
			defaultConfigurationIsVisible = 0;
		};
		9469D3761A51E617004E28E1 /* Build configuration list for PBXNativeTarget "99RedBalloonsTests" */ = {
			isa = XCConfigurationList;
			buildConfigurations = (
				9469D3771A51E617004E28E1 /* Debug */,
				9469D3781A51E617004E28E1 /* Release */,
			);
			defaultConfigurationIsVisible = 0;
		};
/* End XCConfigurationList section */

/* Begin XCVersionGroup section */
		9469D3581A51E616004E28E1 /* _9RedBalloons.xcdatamodeld */ = {
			isa = XCVersionGroup;
			children = (
				9469D3591A51E616004E28E1 /* _9RedBalloons.xcdatamodel */,
			);
			currentVersion = 9469D3591A51E616004E28E1 /* _9RedBalloons.xcdatamodel */;
			path = _9RedBalloons.xcdatamodeld;
			sourceTree = "<group>";
			versionGroupType = wrapper.xcdatamodel;
		};
/* End XCVersionGroup section */
	};
	rootObject = 9469D3491A51E616004E28E1 /* Project object */;
}
